
Microsoft Visual Studio Solution File, Format Version 12.00
# Visual Studio Version 17
VisualStudioVersion = 17.1.32210.238
MinimumVisualStudioVersion = 10.0.40219.1
Project("{FAE04EC0-301F-11D3-BF4B-00C04F79EFBC}") = "BuilderExample", "BuilderExample\BuilderExample.csproj", "{8C6ADFBA-B2DB-49C7-819C-987E6B9EE0BE}"
EndProject
Global
	GlobalSection(SolutionConfigurationPlatforms) = preSolution
		Debug|Any CPU = Debug|Any CPU
		Release|Any CPU = Release|Any CPU
	EndGlobalSection
	GlobalSection(ProjectConfigurationPlatforms) = postSolution
		{8C6ADFBA-B2DB-49C7-819C-987E6B9EE0BE}.Debug|Any CPU.ActiveCfg = Debug|Any CPU
		{8C6ADFBA-B2DB-49C7-819C-987E6B9EE0BE}.Debug|Any CPU.Build.0 = Debug|Any CPU
		{8C6ADFBA-B2DB-49C7-819C-987E6B9EE0BE}.Release|Any CPU.ActiveCfg = Release|Any CPU
		{8C6ADFBA-B2DB-49C7-819C-987E6B9EE0BE}.Release|Any CPU.Build.0 = Release|Any CPU
	EndGlobalSection
	GlobalSection(SolutionProperties) = preSolution
		HideSolutionNode = FALSE
	EndGlobalSection
	GlobalSection(ExtensibilityGlobals) = postSolution
		SolutionGuid = {38AA7A93-243B-4D04-BA1F-CFAC12C7ED41}
	EndGlobalSection
EndGlobal
